
Microsoft Visual Studio Solution File, Format Version 12.00
# Visual Studio Version 17
VisualStudioVersion = 17.5.2.0
MinimumVisualStudioVersion = 10.0.40219.1
Project("{FAE04EC0-301F-11D3-BF4B-00C04F79EFBC}") = "TodoApp", "TodoApp.csproj", "{0E1FC31A-B2B1-B8B9-4A0A-B10C59FB9880}"
EndProject
Project("{FAE04EC0-301F-11D3-BF4B-00C04F79EFBC}") = "TodoList.Server", "TodoList.Server\TodoList.Server.csproj", "{A1F963D5-7E51-4F8C-93D1-969A4B0B2C10}"
EndProject
Project("{FAE04EC0-301F-11D3-BF4B-00C04F79EFBC}") = "TodoList.Tests", "TodoList.Tests\TodoList.Tests.csproj", "{12F9865F-FB59-4743-8393-914A9AE392AF}"
EndProject
Global
	GlobalSection(SolutionConfigurationPlatforms) = preSolution
		Debug|Any CPU = Debug|Any CPU
		Debug|x64 = Debug|x64
		Debug|x86 = Debug|x86
		Release|Any CPU = Release|Any CPU
		Release|x64 = Release|x64
		Release|x86 = Release|x86
	EndGlobalSection
	GlobalSection(ProjectConfigurationPlatforms) = postSolution
		{0E1FC31A-B2B1-B8B9-4A0A-B10C59FB9880}.Debug|Any CPU.ActiveCfg = Debug|Any CPU
		{0E1FC31A-B2B1-B8B9-4A0A-B10C59FB9880}.Debug|Any CPU.Build.0 = Debug|Any CPU
		{0E1FC31A-B2B1-B8B9-4A0A-B10C59FB9880}.Debug|x64.ActiveCfg = Debug|Any CPU
		{0E1FC31A-B2B1-B8B9-4A0A-B10C59FB9880}.Debug|x64.Build.0 = Debug|Any CPU
		{0E1FC31A-B2B1-B8B9-4A0A-B10C59FB9880}.Debug|x86.ActiveCfg = Debug|Any CPU
		{0E1FC31A-B2B1-B8B9-4A0A-B10C59FB9880}.Debug|x86.Build.0 = Debug|Any CPU
		{0E1FC31A-B2B1-B8B9-4A0A-B10C59FB9880}.Release|Any CPU.ActiveCfg = Release|Any CPU
		{0E1FC31A-B2B1-B8B9-4A0A-B10C59FB9880}.Release|Any CPU.Build.0 = Release|Any CPU
		{0E1FC31A-B2B1-B8B9-4A0A-B10C59FB9880}.Release|x64.ActiveCfg = Release|Any CPU
		{0E1FC31A-B2B1-B8B9-4A0A-B10C59FB9880}.Release|x64.Build.0 = Release|Any CPU
		{0E1FC31A-B2B1-B8B9-4A0A-B10C59FB9880}.Release|x86.ActiveCfg = Release|Any CPU
		{0E1FC31A-B2B1-B8B9-4A0A-B10C59FB9880}.Release|x86.Build.0 = Release|Any CPU
		{A1F963D5-7E51-4F8C-93D1-969A4B0B2C10}.Debug|Any CPU.ActiveCfg = Debug|Any CPU
		{A1F963D5-7E51-4F8C-93D1-969A4B0B2C10}.Debug|Any CPU.Build.0 = Debug|Any CPU
		{A1F963D5-7E51-4F8C-93D1-969A4B0B2C10}.Debug|x64.ActiveCfg = Debug|Any CPU
		{A1F963D5-7E51-4F8C-93D1-969A4B0B2C10}.Debug|x64.Build.0 = Debug|Any CPU
		{A1F963D5-7E51-4F8C-93D1-969A4B0B2C10}.Debug|x86.ActiveCfg = Debug|Any CPU
		{A1F963D5-7E51-4F8C-93D1-969A4B0B2C10}.Debug|x86.Build.0 = Debug|Any CPU
		{A1F963D5-7E51-4F8C-93D1-969A4B0B2C10}.Release|Any CPU.ActiveCfg = Release|Any CPU
		{A1F963D5-7E51-4F8C-93D1-969A4B0B2C10}.Release|Any CPU.Build.0 = Release|Any CPU
		{A1F963D5-7E51-4F8C-93D1-969A4B0B2C10}.Release|x64.ActiveCfg = Release|Any CPU
		{A1F963D5-7E51-4F8C-93D1-969A4B0B2C10}.Release|x64.Build.0 = Release|Any CPU
		{A1F963D5-7E51-4F8C-93D1-969A4B0B2C10}.Release|x86.ActiveCfg = Release|Any CPU
		{A1F963D5-7E51-4F8C-93D1-969A4B0B2C10}.Release|x86.Build.0 = Release|Any CPU
		{12F9865F-FB59-4743-8393-914A9AE392AF}.Debug|Any CPU.ActiveCfg = Debug|Any CPU
		{12F9865F-FB59-4743-8393-914A9AE392AF}.Debug|Any CPU.Build.0 = Debug|Any CPU
		{12F9865F-FB59-4743-8393-914A9AE392AF}.Debug|x64.ActiveCfg = Debug|Any CPU
		{12F9865F-FB59-4743-8393-914A9AE392AF}.Debug|x64.Build.0 = Debug|Any CPU
		{12F9865F-FB59-4743-8393-914A9AE392AF}.Debug|x86.ActiveCfg = Debug|Any CPU
		{12F9865F-FB59-4743-8393-914A9AE392AF}.Debug|x86.Build.0 = Debug|Any CPU
		{12F9865F-FB59-4743-8393-914A9AE392AF}.Release|Any CPU.ActiveCfg = Release|Any CPU
		{12F9865F-FB59-4743-8393-914A9AE392AF}.Release|Any CPU.Build.0 = Release|Any CPU
		{12F9865F-FB59-4743-8393-914A9AE392AF}.Release|x64.ActiveCfg = Release|Any CPU
		{12F9865F-FB59-4743-8393-914A9AE392AF}.Release|x64.Build.0 = Release|Any CPU
		{12F9865F-FB59-4743-8393-914A9AE392AF}.Release|x86.ActiveCfg = Release|Any CPU
		{12F9865F-FB59-4743-8393-914A9AE392AF}.Release|x86.Build.0 = Release|Any CPU
	EndGlobalSection
	GlobalSection(SolutionProperties) = preSolution
		HideSolutionNode = FALSE
	EndGlobalSection
	GlobalSection(ExtensibilityGlobals) = postSolution
		SolutionGuid = {82F18728-FC2F-42A0-9F42-E91093B5B976}
	EndGlobalSection
EndGlobal
